// !$*UTF8*$!
{
	archiveVersion = 1;
	classes = {
	};
	objectVersion = 55;
	objects = {

/* Begin PBXBuildFile section */
		7B03EED82940F3DF002F9BD0 /* AppDelegate.swift in Sources */ = {isa = PBXBuildFile; fileRef = 7B03EED72940F3DF002F9BD0 /* AppDelegate.swift */; };
		7B03EEDA2940F3DF002F9BD0 /* SceneDelegate.swift in Sources */ = {isa = PBXBuildFile; fileRef = 7B03EED92940F3DF002F9BD0 /* SceneDelegate.swift */; };
		7B03EEDC2940F3DF002F9BD0 /* ViewController.swift in Sources */ = {isa = PBXBuildFile; fileRef = 7B03EEDB2940F3DF002F9BD0 /* ViewController.swift */; };
		7B03EEDF2940F3DF002F9BD0 /* Main.storyboard in Resources */ = {isa = PBXBuildFile; fileRef = 7B03EEDD2940F3DF002F9BD0 /* Main.storyboard */; };
		7B03EEE12940F3E0002F9BD0 /* Assets.xcassets in Resources */ = {isa = PBXBuildFile; fileRef = 7B03EEE02940F3E0002F9BD0 /* Assets.xcassets */; };
		7B03EEE42940F3E0002F9BD0 /* LaunchScreen.storyboard in Resources */ = {isa = PBXBuildFile; fileRef = 7B03EEE22940F3E0002F9BD0 /* LaunchScreen.storyboard */; };
		7B03EEEF2940F3E0002F9BD0 /* Build_Your_Own_AppTests.swift in Sources */ = {isa = PBXBuildFile; fileRef = 7B03EEEE2940F3E0002F9BD0 /* Build_Your_Own_AppTests.swift */; };
		7B03EEF92940F3E0002F9BD0 /* Build_Your_Own_AppUITests.swift in Sources */ = {isa = PBXBuildFile; fileRef = 7B03EEF82940F3E0002F9BD0 /* Build_Your_Own_AppUITests.swift */; };
		7B03EEFB2940F3E0002F9BD0 /* Build_Your_Own_AppUITestsLaunchTests.swift in Sources */ = {isa = PBXBuildFile; fileRef = 7B03EEFA2940F3E0002F9BD0 /* Build_Your_Own_AppUITestsLaunchTests.swift */; };
/* End PBXBuildFile section */

/* Begin PBXContainerItemProxy section */
		7B03EEEB2940F3E0002F9BD0 /* PBXContainerItemProxy */ = {
			isa = PBXContainerItemProxy;
			containerPortal = 7B03EECC2940F3DF002F9BD0 /* Project object */;
			proxyType = 1;
			remoteGlobalIDString = 7B03EED32940F3DF002F9BD0;
			remoteInfo = "Build Your Own App";
		};
		7B03EEF52940F3E0002F9BD0 /* PBXContainerItemProxy */ = {
			isa = PBXContainerItemProxy;
			containerPortal = 7B03EECC2940F3DF002F9BD0 /* Project object */;
			proxyType = 1;
			remoteGlobalIDString = 7B03EED32940F3DF002F9BD0;
			remoteInfo = "Build Your Own App";
		};
/* End PBXContainerItemProxy section */

/* Begin PBXFileReference section */
		7B03EED42940F3DF002F9BD0 /* Build Your Own App.app */ = {isa = PBXFileReference; explicitFileType = wrapper.application; includeInIndex = 0; path = "Build Your Own App.app"; sourceTree = BUILT_PRODUCTS_DIR; };
		7B03EED72940F3DF002F9BD0 /* AppDelegate.swift */ = {isa = PBXFileReference; lastKnownFileType = sourcecode.swift; path = AppDelegate.swift; sourceTree = "<group>"; };
		7B03EED92940F3DF002F9BD0 /* SceneDelegate.swift */ = {isa = PBXFileReference; lastKnownFileType = sourcecode.swift; path = SceneDelegate.swift; sourceTree = "<group>"; };
		7B03EEDB2940F3DF002F9BD0 /* ViewController.swift */ = {isa = PBXFileReference; lastKnownFileType = sourcecode.swift; path = ViewController.swift; sourceTree = "<group>"; };
		7B03EEDE2940F3DF002F9BD0 /* Base */ = {isa = PBXFileReference; lastKnownFileType = file.storyboard; name = Base; path = Base.lproj/Main.storyboard; sourceTree = "<group>"; };
		7B03EEE02940F3E0002F9BD0 /* Assets.xcassets */ = {isa = PBXFileReference; lastKnownFileType = folder.assetcatalog; path = Assets.xcassets; sourceTree = "<group>"; };
		7B03EEE32940F3E0002F9BD0 /* Base */ = {isa = PBXFileReference; lastKnownFileType = file.storyboard; name = Base; path = Base.lproj/LaunchScreen.storyboard; sourceTree = "<group>"; };
		7B03EEE52940F3E0002F9BD0 /* Info.plist */ = {isa = PBXFileReference; lastKnownFileType = text.plist.xml; path = Info.plist; sourceTree = "<group>"; };
		7B03EEEA2940F3E0002F9BD0 /* Build Your Own AppTests.xctest */ = {isa = PBXFileReference; explicitFileType = wrapper.cfbundle; includeInIndex = 0; path = "Build Your Own AppTests.xctest"; sourceTree = BUILT_PRODUCTS_DIR; };
		7B03EEEE2940F3E0002F9BD0 /* Build_Your_Own_AppTests.swift */ = {isa = PBXFileReference; lastKnownFileType = sourcecode.swift; path = Build_Your_Own_AppTests.swift; sourceTree = "<group>"; };
		7B03EEF42940F3E0002F9BD0 /* Build Your Own AppUITests.xctest */ = {isa = PBXFileReference; explicitFileType = wrapper.cfbundle; includeInIndex = 0; path = "Build Your Own AppUITests.xctest"; sourceTree = BUILT_PRODUCTS_DIR; };
		7B03EEF82940F3E0002F9BD0 /* Build_Your_Own_AppUITests.swift */ = {isa = PBXFileReference; lastKnownFileType = sourcecode.swift; path = Build_Your_Own_AppUITests.swift; sourceTree = "<group>"; };
		7B03EEFA2940F3E0002F9BD0 /* Build_Your_Own_AppUITestsLaunchTests.swift */ = {isa = PBXFileReference; lastKnownFileType = sourcecode.swift; path = Build_Your_Own_AppUITestsLaunchTests.swift; sourceTree = "<group>"; };
/* End PBXFileReference section */

/* Begin PBXFrameworksBuildPhase section */
		7B03EED12940F3DF002F9BD0 /* Frameworks */ = {
			isa = PBXFrameworksBuildPhase;
			buildActionMask = 2147483647;
			files = (
			);
			runOnlyForDeploymentPostprocessing = 0;
		};
		7B03EEE72940F3E0002F9BD0 /* Frameworks */ = {
			isa = PBXFrameworksBuildPhase;
			buildActionMask = 2147483647;
			files = (
			);
			runOnlyForDeploymentPostprocessing = 0;
		};
		7B03EEF12940F3E0002F9BD0 /* Frameworks */ = {
			isa = PBXFrameworksBuildPhase;
			buildActionMask = 2147483647;
			files = (
			);
			runOnlyForDeploymentPostprocessing = 0;
		};
/* End PBXFrameworksBuildPhase section */

/* Begin PBXGroup section */
		7B03EECB2940F3DF002F9BD0 = {
			isa = PBXGroup;
			children = (
				7B03EED62940F3DF002F9BD0 /* Build Your Own App */,
				7B03EEED2940F3E0002F9BD0 /* Build Your Own AppTests */,
				7B03EEF72940F3E0002F9BD0 /* Build Your Own AppUITests */,
				7B03EED52940F3DF002F9BD0 /* Products */,
			);
			sourceTree = "<group>";
		};
		7B03EED52940F3DF002F9BD0 /* Products */ = {
			isa = PBXGroup;
			children = (
				7B03EED42940F3DF002F9BD0 /* Build Your Own App.app */,
				7B03EEEA2940F3E0002F9BD0 /* Build Your Own AppTests.xctest */,
				7B03EEF42940F3E0002F9BD0 /* Build Your Own AppUITests.xctest */,
			);
			name = Products;
			sourceTree = "<group>";
		};
		7B03EED62940F3DF002F9BD0 /* Build Your Own App */ = {
			isa = PBXGroup;
			children = (
				7B03EED72940F3DF002F9BD0 /* AppDelegate.swift */,
				7B03EED92940F3DF002F9BD0 /* SceneDelegate.swift */,
				7B03EEDB2940F3DF002F9BD0 /* ViewController.swift */,
				7B03EEDD2940F3DF002F9BD0 /* Main.storyboard */,
				7B03EEE02940F3E0002F9BD0 /* Assets.xcassets */,
				7B03EEE22940F3E0002F9BD0 /* LaunchScreen.storyboard */,
				7B03EEE52940F3E0002F9BD0 /* Info.plist */,
			);
			path = "Build Your Own App";
			sourceTree = "<group>";
		};
		7B03EEED2940F3E0002F9BD0 /* Build Your Own AppTests */ = {
			isa = PBXGroup;
			children = (
				7B03EEEE2940F3E0002F9BD0 /* Build_Your_Own_AppTests.swift */,
			);
			path = "Build Your Own AppTests";
			sourceTree = "<group>";
		};
		7B03EEF72940F3E0002F9BD0 /* Build Your Own AppUITests */ = {
			isa = PBXGroup;
			children = (
				7B03EEF82940F3E0002F9BD0 /* Build_Your_Own_AppUITests.swift */,
				7B03EEFA2940F3E0002F9BD0 /* Build_Your_Own_AppUITestsLaunchTests.swift */,
			);
			path = "Build Your Own AppUITests";
			sourceTree = "<group>";
		};
/* End PBXGroup section */

/* Begin PBXNativeTarget section */
		7B03EED32940F3DF002F9BD0 /* Build Your Own App */ = {
			isa = PBXNativeTarget;
			buildConfigurationList = 7B03EEFE2940F3E0002F9BD0 /* Build configuration list for PBXNativeTarget "Build Your Own App" */;
			buildPhases = (
				7B03EED02940F3DF002F9BD0 /* Sources */,
				7B03EED12940F3DF002F9BD0 /* Frameworks */,
				7B03EED22940F3DF002F9BD0 /* Resources */,
			);
			buildRules = (
			);
			dependencies = (
			);
			name = "Build Your Own App";
			productName = "Build Your Own App";
			productReference = 7B03EED42940F3DF002F9BD0 /* Build Your Own App.app */;
			productType = "com.apple.product-type.application";
		};
		7B03EEE92940F3E0002F9BD0 /* Build Your Own AppTests */ = {
			isa = PBXNativeTarget;
			buildConfigurationList = 7B03EF012940F3E0002F9BD0 /* Build configuration list for PBXNativeTarget "Build Your Own AppTests" */;
			buildPhases = (
				7B03EEE62940F3E0002F9BD0 /* Sources */,
				7B03EEE72940F3E0002F9BD0 /* Frameworks */,
				7B03EEE82940F3E0002F9BD0 /* Resources */,
			);
			buildRules = (
			);
			dependencies = (
				7B03EEEC2940F3E0002F9BD0 /* PBXTargetDependency */,
			);
			name = "Build Your Own AppTests";
			productName = "Build Your Own AppTests";
			productReference = 7B03EEEA2940F3E0002F9BD0 /* Build Your Own AppTests.xctest */;
			productType = "com.apple.product-type.bundle.unit-test";
		};
		7B03EEF32940F3E0002F9BD0 /* Build Your Own AppUITests */ = {
			isa = PBXNativeTarget;
			buildConfigurationList = 7B03EF042940F3E0002F9BD0 /* Build configuration list for PBXNativeTarget "Build Your Own AppUITests" */;
			buildPhases = (
				7B03EEF02940F3E0002F9BD0 /* Sources */,
				7B03EEF12940F3E0002F9BD0 /* Frameworks */,
				7B03EEF22940F3E0002F9BD0 /* Resources */,
			);
			buildRules = (
			);
			dependencies = (
				7B03EEF62940F3E0002F9BD0 /* PBXTargetDependency */,
			);
			name = "Build Your Own AppUITests";
			productName = "Build Your Own AppUITests";
			productReference = 7B03EEF42940F3E0002F9BD0 /* Build Your Own AppUITests.xctest */;
			productType = "com.apple.product-type.bundle.ui-testing";
		};
/* End PBXNativeTarget section */

/* Begin PBXProject section */
		7B03EECC2940F3DF002F9BD0 /* Project object */ = {
			isa = PBXProject;
			attributes = {
				BuildIndependentTargetsInParallel = 1;
				LastSwiftUpdateCheck = 1340;
				LastUpgradeCheck = 1340;
				TargetAttributes = {
					7B03EED32940F3DF002F9BD0 = {
						CreatedOnToolsVersion = 13.4.1;
					};
					7B03EEE92940F3E0002F9BD0 = {
						CreatedOnToolsVersion = 13.4.1;
						TestTargetID = 7B03EED32940F3DF002F9BD0;
					};
					7B03EEF32940F3E0002F9BD0 = {
						CreatedOnToolsVersion = 13.4.1;
						TestTargetID = 7B03EED32940F3DF002F9BD0;
					};
				};
			};
			buildConfigurationList = 7B03EECF2940F3DF002F9BD0 /* Build configuration list for PBXProject "Build Your Own App" */;
			compatibilityVersion = "Xcode 13.0";
			developmentRegion = en;
			hasScannedForEncodings = 0;
			knownRegions = (
				en,
				Base,
			);
			mainGroup = 7B03EECB2940F3DF002F9BD0;
			productRefGroup = 7B03EED52940F3DF002F9BD0 /* Products */;
			projectDirPath = "";
			projectRoot = "";
			targets = (
				7B03EED32940F3DF002F9BD0 /* Build Your Own App */,
				7B03EEE92940F3E0002F9BD0 /* Build Your Own AppTests */,
				7B03EEF32940F3E0002F9BD0 /* Build Your Own AppUITests */,
			);
		};
/* End PBXProject section */

/* Begin PBXResourcesBuildPhase section */
		7B03EED22940F3DF002F9BD0 /* Resources */ = {
			isa = PBXResourcesBuildPhase;
			buildActionMask = 2147483647;
			files = (
				7B03EEE42940F3E0002F9BD0 /* LaunchScreen.storyboard in Resources */,
				7B03EEE12940F3E0002F9BD0 /* Assets.xcassets in Resources */,
				7B03EEDF2940F3DF002F9BD0 /* Main.storyboard in Resources */,
			);
			runOnlyForDeploymentPostprocessing = 0;
		};
		7B03EEE82940F3E0002F9BD0 /* Resources */ = {
			isa = PBXResourcesBuildPhase;
			buildActionMask = 2147483647;
			files = (
			);
			runOnlyForDeploymentPostprocessing = 0;
		};
		7B03EEF22940F3E0002F9BD0 /* Resources */ = {
			isa = PBXResourcesBuildPhase;
			buildActionMask = 2147483647;
			files = (
			);
			runOnlyForDeploymentPostprocessing = 0;
		};
/* End PBXResourcesBuildPhase section */

/* Begin PBXSourcesBuildPhase section */
		7B03EED02940F3DF002F9BD0 /* Sources */ = {
			isa = PBXSourcesBuildPhase;
			buildActionMask = 2147483647;
			files = (
				7B03EEDC2940F3DF002F9BD0 /* ViewController.swift in Sources */,
				7B03EED82940F3DF002F9BD0 /* AppDelegate.swift in Sources */,
				7B03EEDA2940F3DF002F9BD0 /* SceneDelegate.swift in Sources */,
			);
			runOnlyForDeploymentPostprocessing = 0;
		};
		7B03EEE62940F3E0002F9BD0 /* Sources */ = {
			isa = PBXSourcesBuildPhase;
			buildActionMask = 2147483647;
			files = (
				7B03EEEF2940F3E0002F9BD0 /* Build_Your_Own_AppTests.swift in Sources */,
			);
			runOnlyForDeploymentPostprocessing = 0;
		};
		7B03EEF02940F3E0002F9BD0 /* Sources */ = {
			isa = PBXSourcesBuildPhase;
			buildActionMask = 2147483647;
			files = (
				7B03EEF92940F3E0002F9BD0 /* Build_Your_Own_AppUITests.swift in Sources */,
				7B03EEFB2940F3E0002F9BD0 /* Build_Your_Own_AppUITestsLaunchTests.swift in Sources */,
			);
			runOnlyForDeploymentPostprocessing = 0;
		};
/* End PBXSourcesBuildPhase section */

/* Begin PBXTargetDependency section */
		7B03EEEC2940F3E0002F9BD0 /* PBXTargetDependency */ = {
			isa = PBXTargetDependency;
			target = 7B03EED32940F3DF002F9BD0 /* Build Your Own App */;
			targetProxy = 7B03EEEB2940F3E0002F9BD0 /* PBXContainerItemProxy */;
		};
		7B03EEF62940F3E0002F9BD0 /* PBXTargetDependency */ = {
			isa = PBXTargetDependency;
			target = 7B03EED32940F3DF002F9BD0 /* Build Your Own App */;
			targetProxy = 7B03EEF52940F3E0002F9BD0 /* PBXContainerItemProxy */;
		};
/* End PBXTargetDependency section */

/* Begin PBXVariantGroup section */
		7B03EEDD2940F3DF002F9BD0 /* Main.storyboard */ = {
			isa = PBXVariantGroup;
			children = (
				7B03EEDE2940F3DF002F9BD0 /* Base */,
			);
			name = Main.storyboard;
			sourceTree = "<group>";
		};
		7B03EEE22940F3E0002F9BD0 /* LaunchScreen.storyboard */ = {
			isa = PBXVariantGroup;
			children = (
				7B03EEE32940F3E0002F9BD0 /* Base */,
			);
			name = LaunchScreen.storyboard;
			sourceTree = "<group>";
		};
/* End PBXVariantGroup section */

/* Begin XCBuildConfiguration section */
		7B03EEFC2940F3E0002F9BD0 /* Debug */ = {
			isa = XCBuildConfiguration;
			buildSettings = {
				ALWAYS_SEARCH_USER_PATHS = NO;
				CLANG_ANALYZER_NONNULL = YES;
				CLANG_ANALYZER_NUMBER_OBJECT_CONVERSION = YES_AGGRESSIVE;
				CLANG_CXX_LANGUAGE_STANDARD = "gnu++17";
				CLANG_ENABLE_MODULES = YES;
				CLANG_ENABLE_OBJC_ARC = YES;
				CLANG_ENABLE_OBJC_WEAK = YES;
				CLANG_WARN_BLOCK_CAPTURE_AUTORELEASING = YES;
				CLANG_WARN_BOOL_CONVERSION = YES;
				CLANG_WARN_COMMA = YES;
				CLANG_WARN_CONSTANT_CONVERSION = YES;
				CLANG_WARN_DEPRECATED_OBJC_IMPLEMENTATIONS = YES;
				CLANG_WARN_DIRECT_OBJC_ISA_USAGE = YES_ERROR;
				CLANG_WARN_DOCUMENTATION_COMMENTS = YES;
				CLANG_WARN_EMPTY_BODY = YES;
				CLANG_WARN_ENUM_CONVERSION = YES;
				CLANG_WARN_INFINITE_RECURSION = YES;
				CLANG_WARN_INT_CONVERSION = YES;
				CLANG_WARN_NON_LITERAL_NULL_CONVERSION = YES;
				CLANG_WARN_OBJC_IMPLICIT_RETAIN_SELF = YES;
				CLANG_WARN_OBJC_LITERAL_CONVERSION = YES;
				CLANG_WARN_OBJC_ROOT_CLASS = YES_ERROR;
				CLANG_WARN_QUOTED_INCLUDE_IN_FRAMEWORK_HEADER = YES;
				CLANG_WARN_RANGE_LOOP_ANALYSIS = YES;
				CLANG_WARN_STRICT_PROTOTYPES = YES;
				CLANG_WARN_SUSPICIOUS_MOVE = YES;
				CLANG_WARN_UNGUARDED_AVAILABILITY = YES_AGGRESSIVE;
				CLANG_WARN_UNREACHABLE_CODE = YES;
				CLANG_WARN__DUPLICATE_METHOD_MATCH = YES;
				COPY_PHASE_STRIP = NO;
				DEBUG_INFORMATION_FORMAT = dwarf;
				ENABLE_STRICT_OBJC_MSGSEND = YES;
				ENABLE_TESTABILITY = YES;
				GCC_C_LANGUAGE_STANDARD = gnu11;
				GCC_DYNAMIC_NO_PIC = NO;
				GCC_NO_COMMON_BLOCKS = YES;
				GCC_OPTIMIZATION_LEVEL = 0;
				GCC_PREPROCESSOR_DEFINITIONS = (
					"DEBUG=1",
					"$(inherited)",
				);
				GCC_WARN_64_TO_32_BIT_CONVERSION = YES;
				GCC_WARN_ABOUT_RETURN_TYPE = YES_ERROR;
				GCC_WARN_UNDECLARED_SELECTOR = YES;
				GCC_WARN_UNINITIALIZED_AUTOS = YES_AGGRESSIVE;
				GCC_WARN_UNUSED_FUNCTION = YES;
				GCC_WARN_UNUSED_VARIABLE = YES;
				IPHONEOS_DEPLOYMENT_TARGET = 15.5;
				MTL_ENABLE_DEBUG_INFO = INCLUDE_SOURCE;
				MTL_FAST_MATH = YES;
				ONLY_ACTIVE_ARCH = YES;
				SDKROOT = iphoneos;
				SWIFT_ACTIVE_COMPILATION_CONDITIONS = DEBUG;
				SWIFT_OPTIMIZATION_LEVEL = "-Onone";
			};
			name = Debug;
		};
		7B03EEFD2940F3E0002F9BD0 /* Release */ = {
			isa = XCBuildConfiguration;
			buildSettings = {
				ALWAYS_SEARCH_USER_PATHS = NO;
				CLANG_ANALYZER_NONNULL = YES;
				CLANG_ANALYZER_NUMBER_OBJECT_CONVERSION = YES_AGGRESSIVE;
				CLANG_CXX_LANGUAGE_STANDARD = "gnu++17";
				CLANG_ENABLE_MODULES = YES;
				CLANG_ENABLE_OBJC_ARC = YES;
				CLANG_ENABLE_OBJC_WEAK = YES;
				CLANG_WARN_BLOCK_CAPTURE_AUTORELEASING = YES;
				CLANG_WARN_BOOL_CONVERSION = YES;
				CLANG_WARN_COMMA = YES;
				CLANG_WARN_CONSTANT_CONVERSION = YES;
				CLANG_WARN_DEPRECATED_OBJC_IMPLEMENTATIONS = YES;
				CLANG_WARN_DIRECT_OBJC_ISA_USAGE = YES_ERROR;
				CLANG_WARN_DOCUMENTATION_COMMENTS = YES;
				CLANG_WARN_EMPTY_BODY = YES;
				CLANG_WARN_ENUM_CONVERSION = YES;
				CLANG_WARN_INFINITE_RECURSION = YES;
				CLANG_WARN_INT_CONVERSION = YES;
				CLANG_WARN_NON_LITERAL_NULL_CONVERSION = YES;
				CLANG_WARN_OBJC_IMPLICIT_RETAIN_SELF = YES;
				CLANG_WARN_OBJC_LITERAL_CONVERSION = YES;
				CLANG_WARN_OBJC_ROOT_CLASS = YES_ERROR;
				CLANG_WARN_QUOTED_INCLUDE_IN_FRAMEWORK_HEADER = YES;
				CLANG_WARN_RANGE_LOOP_ANALYSIS = YES;
				CLANG_WARN_STRICT_PROTOTYPES = YES;
				CLANG_WARN_SUSPICIOUS_MOVE = YES;
				CLANG_WARN_UNGUARDED_AVAILABILITY = YES_AGGRESSIVE;
				CLANG_WARN_UNREACHABLE_CODE = YES;
				CLANG_WARN__DUPLICATE_METHOD_MATCH = YES;
				COPY_PHASE_STRIP = NO;
				DEBUG_INFORMATION_FORMAT = "dwarf-with-dsym";
				ENABLE_NS_ASSERTIONS = NO;
				ENABLE_STRICT_OBJC_MSGSEND = YES;
				GCC_C_LANGUAGE_STANDARD = gnu11;
				GCC_NO_COMMON_BLOCKS = YES;
				GCC_WARN_64_TO_32_BIT_CONVERSION = YES;
				GCC_WARN_ABOUT_RETURN_TYPE = YES_ERROR;
				GCC_WARN_UNDECLARED_SELECTOR = YES;
				GCC_WARN_UNINITIALIZED_AUTOS = YES_AGGRESSIVE;
				GCC_WARN_UNUSED_FUNCTION = YES;
				GCC_WARN_UNUSED_VARIABLE = YES;
				IPHONEOS_DEPLOYMENT_TARGET = 15.5;
				MTL_ENABLE_DEBUG_INFO = NO;
				MTL_FAST_MATH = YES;
				SDKROOT = iphoneos;
				SWIFT_COMPILATION_MODE = wholemodule;
				SWIFT_OPTIMIZATION_LEVEL = "-O";
				VALIDATE_PRODUCT = YES;
			};
			name = Release;
		};
		7B03EEFF2940F3E0002F9BD0 /* Debug */ = {
			isa = XCBuildConfiguration;
			buildSettings = {
				ASSETCATALOG_COMPILER_APPICON_NAME = AppIcon;
				ASSETCATALOG_COMPILER_GLOBAL_ACCENT_COLOR_NAME = AccentColor;
				CODE_SIGN_STYLE = Automatic;
				CURRENT_PROJECT_VERSION = 1;
				DEVELOPMENT_TEAM = 55765SBDRF;
				GENERATE_INFOPLIST_FILE = YES;
				INFOPLIST_FILE = "Build Your Own App/Info.plist";
				INFOPLIST_KEY_UIApplicationSupportsIndirectInputEvents = YES;
				INFOPLIST_KEY_UILaunchStoryboardName = LaunchScreen;
				INFOPLIST_KEY_UIMainStoryboardFile = Main;
				INFOPLIST_KEY_UISupportedInterfaceOrientations_iPad = "UIInterfaceOrientationPortrait UIInterfaceOrientationPortraitUpsideDown UIInterfaceOrientationLandscapeLeft UIInterfaceOrientationLandscapeRight";
				INFOPLIST_KEY_UISupportedInterfaceOrientations_iPhone = "UIInterfaceOrientationPortrait UIInterfaceOrientationLandscapeLeft UIInterfaceOrientationLandscapeRight";
				LD_RUNPATH_SEARCH_PATHS = (
					"$(inherited)",
					"@executable_path/Frameworks",
				);
				MARKETING_VERSION = 1.0;
				PRODUCT_BUNDLE_IDENTIFIER = "org.d127.261040.Build-Your-Own-App";
				PRODUCT_NAME = "$(TARGET_NAME)";
				SWIFT_EMIT_LOC_STRINGS = YES;
				SWIFT_VERSION = 5.0;
				TARGETED_DEVICE_FAMILY = "1,2";
			};
			name = Debug;
		};
		7B03EF002940F3E0002F9BD0 /* Release */ = {
			isa = XCBuildConfiguration;
			buildSettings = {
				ASSETCATALOG_COMPILER_APPICON_NAME = AppIcon;
				ASSETCATALOG_COMPILER_GLOBAL_ACCENT_COLOR_NAME = AccentColor;
				CODE_SIGN_STYLE = Automatic;
				CURRENT_PROJECT_VERSION = 1;
				DEVELOPMENT_TEAM = 55765SBDRF;
				GENERATE_INFOPLIST_FILE = YES;
				INFOPLIST_FILE = "Build Your Own App/Info.plist";
				INFOPLIST_KEY_UIApplicationSupportsIndirectInputEvents = YES;
				INFOPLIST_KEY_UILaunchStoryboardName = LaunchScreen;
				INFOPLIST_KEY_UIMainStoryboardFile = Main;
				INFOPLIST_KEY_UISupportedInterfaceOrientations_iPad = "UIInterfaceOrientationPortrait UIInterfaceOrientationPortraitUpsideDown UIInterfaceOrientationLandscapeLeft UIInterfaceOrientationLandscapeRight";
				INFOPLIST_KEY_UISupportedInterfaceOrientations_iPhone = "UIInterfaceOrientationPortrait UIInterfaceOrientationLandscapeLeft UIInterfaceOrientationLandscapeRight";
				LD_RUNPATH_SEARCH_PATHS = (
					"$(inherited)",
					"@executable_path/Frameworks",
				);
				MARKETING_VERSION = 1.0;
				PRODUCT_BUNDLE_IDENTIFIER = "org.d127.261040.Build-Your-Own-App";
				PRODUCT_NAME = "$(TARGET_NAME)";
				SWIFT_EMIT_LOC_STRINGS = YES;
				SWIFT_VERSION = 5.0;
				TARGETED_DEVICE_FAMILY = "1,2";
			};
			name = Release;
		};
		7B03EF022940F3E0002F9BD0 /* Debug */ = {
			isa = XCBuildConfiguration;
			buildSettings = {
				ALWAYS_EMBED_SWIFT_STANDARD_LIBRARIES = YES;
				BUNDLE_LOADER = "$(TEST_HOST)";
				CODE_SIGN_STYLE = Automatic;
				CURRENT_PROJECT_VERSION = 1;
				DEVELOPMENT_TEAM = 55765SBDRF;
				GENERATE_INFOPLIST_FILE = YES;
				IPHONEOS_DEPLOYMENT_TARGET = 15.5;
				MARKETING_VERSION = 1.0;
				PRODUCT_BUNDLE_IDENTIFIER = "org.d127.261040.Build-Your-Own-AppTests";
				PRODUCT_NAME = "$(TARGET_NAME)";
				SWIFT_EMIT_LOC_STRINGS = NO;
				SWIFT_VERSION = 5.0;
				TARGETED_DEVICE_FAMILY = "1,2";
				TEST_HOST = "$(BUILT_PRODUCTS_DIR)/Build Your Own App.app/Build Your Own App";
			};
			name = Debug;
		};
		7B03EF032940F3E0002F9BD0 /* Release */ = {
			isa = XCBuildConfiguration;
			buildSettings = {
				ALWAYS_EMBED_SWIFT_STANDARD_LIBRARIES = YES;
				BUNDLE_LOADER = "$(TEST_HOST)";
				CODE_SIGN_STYLE = Automatic;
				CURRENT_PROJECT_VERSION = 1;
				DEVELOPMENT_TEAM = 55765SBDRF;
				GENERATE_INFOPLIST_FILE = YES;
				IPHONEOS_DEPLOYMENT_TARGET = 15.5;
				MARKETING_VERSION = 1.0;
				PRODUCT_BUNDLE_IDENTIFIER = "org.d127.261040.Build-Your-Own-AppTests";
				PRODUCT_NAME = "$(TARGET_NAME)";
				SWIFT_EMIT_LOC_STRINGS = NO;
				SWIFT_VERSION = 5.0;
				TARGETED_DEVICE_FAMILY = "1,2";
				TEST_HOST = "$(BUILT_PRODUCTS_DIR)/Build Your Own App.app/Build Your Own App";
			};
			name = Release;
		};
		7B03EF052940F3E0002F9BD0 /* Debug */ = {
			isa = XCBuildConfiguration;
			buildSettings = {
				ALWAYS_EMBED_SWIFT_STANDARD_LIBRARIES = YES;
				CODE_SIGN_STYLE = Automatic;
				CURRENT_PROJECT_VERSION = 1;
				DEVELOPMENT_TEAM = 55765SBDRF;
				GENERATE_INFOPLIST_FILE = YES;
				MARKETING_VERSION = 1.0;
				PRODUCT_BUNDLE_IDENTIFIER = "org.d127.261040.Build-Your-Own-AppUITests";
				PRODUCT_NAME = "$(TARGET_NAME)";
				SWIFT_EMIT_LOC_STRINGS = NO;
				SWIFT_VERSION = 5.0;
				TARGETED_DEVICE_FAMILY = "1,2";
				TEST_TARGET_NAME = "Build Your Own App";
			};
			name = Debug;
		};
		7B03EF062940F3E0002F9BD0 /* Release */ = {
			isa = XCBuildConfiguration;
			buildSettings = {
				ALWAYS_EMBED_SWIFT_STANDARD_LIBRARIES = YES;
				CODE_SIGN_STYLE = Automatic;
				CURRENT_PROJECT_VERSION = 1;
				DEVELOPMENT_TEAM = 55765SBDRF;
				GENERATE_INFOPLIST_FILE = YES;
				MARKETING_VERSION = 1.0;
				PRODUCT_BUNDLE_IDENTIFIER = "org.d127.261040.Build-Your-Own-AppUITests";
				PRODUCT_NAME = "$(TARGET_NAME)";
				SWIFT_EMIT_LOC_STRINGS = NO;
				SWIFT_VERSION = 5.0;
				TARGETED_DEVICE_FAMILY = "1,2";
				TEST_TARGET_NAME = "Build Your Own App";
			};
			name = Release;
		};
/* End XCBuildConfiguration section */

/* Begin XCConfigurationList section */
		7B03EECF2940F3DF002F9BD0 /* Build configuration list for PBXProject "Build Your Own App" */ = {
			isa = XCConfigurationList;
			buildConfigurations = (
				7B03EEFC2940F3E0002F9BD0 /* Debug */,
				7B03EEFD2940F3E0002F9BD0 /* Release */,
			);
			defaultConfigurationIsVisible = 0;
			defaultConfigurationName = Release;
		};
		7B03EEFE2940F3E0002F9BD0 /* Build configuration list for PBXNativeTarget "Build Your Own App" */ = {
			isa = XCConfigurationList;
			buildConfigurations = (
				7B03EEFF2940F3E0002F9BD0 /* Debug */,
				7B03EF002940F3E0002F9BD0 /* Release */,
			);
			defaultConfigurationIsVisible = 0;
			defaultConfigurationName = Release;
		};
		7B03EF012940F3E0002F9BD0 /* Build configuration list for PBXNativeTarget "Build Your Own AppTests" */ = {
			isa = XCConfigurationList;
			buildConfigurations = (
				7B03EF022940F3E0002F9BD0 /* Debug */,
				7B03EF032940F3E0002F9BD0 /* Release */,
			);
			defaultConfigurationIsVisible = 0;
			defaultConfigurationName = Release;
		};
		7B03EF042940F3E0002F9BD0 /* Build configuration list for PBXNativeTarget "Build Your Own AppUITests" */ = {
			isa = XCConfigurationList;
			buildConfigurations = (
				7B03EF052940F3E0002F9BD0 /* Debug */,
				7B03EF062940F3E0002F9BD0 /* Release */,
			);
			defaultConfigurationIsVisible = 0;
			defaultConfigurationName = Release;
		};
/* End XCConfigurationList section */
	};
	rootObject = 7B03EECC2940F3DF002F9BD0 /* Project object */;
}
